// !$*UTF8*$!
{
	archiveVersion = 1;
	classes = {
	};
	objectVersion = 56;
	objects = {

/* Begin PBXBuildFile section */
		383787E129238A5A00066E28 /* MainView.swift in Sources */ = {isa = PBXBuildFile; fileRef = 383787E029238A5A00066E28 /* MainView.swift */; };
		383787E42923ACF700066E28 /* AddCardView.swift in Sources */ = {isa = PBXBuildFile; fileRef = 383787E32923ACF700066E28 /* AddCardView.swift */; };
		38B4A10629226AB10095886B /* SwiftUICoreDataCourseApp.swift in Sources */ = {isa = PBXBuildFile; fileRef = 38B4A10529226AB10095886B /* SwiftUICoreDataCourseApp.swift */; };
		38B4A10829226AB10095886B /* ContentView.swift in Sources */ = {isa = PBXBuildFile; fileRef = 38B4A10729226AB10095886B /* ContentView.swift */; };
		38B4A10A29226AB20095886B /* Assets.xcassets in Resources */ = {isa = PBXBuildFile; fileRef = 38B4A10929226AB20095886B /* Assets.xcassets */; };
		38B4A10D29226AB20095886B /* Preview Assets.xcassets in Resources */ = {isa = PBXBuildFile; fileRef = 38B4A10C29226AB20095886B /* Preview Assets.xcassets */; };
		38B4A10F29226AB20095886B /* Persistence.swift in Sources */ = {isa = PBXBuildFile; fileRef = 38B4A10E29226AB20095886B /* Persistence.swift */; };
		38B4A11229226AB20095886B /* SwiftUICoreDataCourse.xcdatamodeld in Sources */ = {isa = PBXBuildFile; fileRef = 38B4A11029226AB20095886B /* SwiftUICoreDataCourse.xcdatamodeld */; };
/* End PBXBuildFile section */

/* Begin PBXFileReference section */
		383787E029238A5A00066E28 /* MainView.swift */ = {isa = PBXFileReference; lastKnownFileType = sourcecode.swift; path = MainView.swift; sourceTree = "<group>"; };
		383787E32923ACF700066E28 /* AddCardView.swift */ = {isa = PBXFileReference; lastKnownFileType = sourcecode.swift; path = AddCardView.swift; sourceTree = "<group>"; };
		38B4A10229226AB10095886B /* SwiftUICoreDataCourse.app */ = {isa = PBXFileReference; explicitFileType = wrapper.application; includeInIndex = 0; path = SwiftUICoreDataCourse.app; sourceTree = BUILT_PRODUCTS_DIR; };
		38B4A10529226AB10095886B /* SwiftUICoreDataCourseApp.swift */ = {isa = PBXFileReference; lastKnownFileType = sourcecode.swift; path = SwiftUICoreDataCourseApp.swift; sourceTree = "<group>"; };
		38B4A10729226AB10095886B /* ContentView.swift */ = {isa = PBXFileReference; lastKnownFileType = sourcecode.swift; path = ContentView.swift; sourceTree = "<group>"; };
		38B4A10929226AB20095886B /* Assets.xcassets */ = {isa = PBXFileReference; lastKnownFileType = folder.assetcatalog; path = Assets.xcassets; sourceTree = "<group>"; };
		38B4A10C29226AB20095886B /* Preview Assets.xcassets */ = {isa = PBXFileReference; lastKnownFileType = folder.assetcatalog; path = "Preview Assets.xcassets"; sourceTree = "<group>"; };
		38B4A10E29226AB20095886B /* Persistence.swift */ = {isa = PBXFileReference; lastKnownFileType = sourcecode.swift; path = Persistence.swift; sourceTree = "<group>"; };
		38B4A11129226AB20095886B /* SwiftUICoreDataCourse.xcdatamodel */ = {isa = PBXFileReference; lastKnownFileType = wrapper.xcdatamodel; path = SwiftUICoreDataCourse.xcdatamodel; sourceTree = "<group>"; };
/* End PBXFileReference section */

/* Begin PBXFrameworksBuildPhase section */
		38B4A0FF29226AB10095886B /* Frameworks */ = {
			isa = PBXFrameworksBuildPhase;
			buildActionMask = 2147483647;
			files = (
			);
			runOnlyForDeploymentPostprocessing = 0;
		};
/* End PBXFrameworksBuildPhase section */

/* Begin PBXGroup section */
		383787DF29238A2A00066E28 /* Main */ = {
			isa = PBXGroup;
			children = (
				383787E029238A5A00066E28 /* MainView.swift */,
			);
			path = Main;
			sourceTree = "<group>";
		};
		383787E22923ACE500066E28 /* Views */ = {
			isa = PBXGroup;
			children = (
				383787E32923ACF700066E28 /* AddCardView.swift */,
			);
			path = Views;
			sourceTree = "<group>";
		};
		384E43D92923E7AE0093B1AC /* Frameworks */ = {
			isa = PBXGroup;
			children = (
			);
			name = Frameworks;
			sourceTree = "<group>";
		};
		38B4A0F929226AB10095886B = {
			isa = PBXGroup;
			children = (
				38B4A10429226AB10095886B /* SwiftUICoreDataCourse */,
				38B4A10329226AB10095886B /* Products */,
				384E43D92923E7AE0093B1AC /* Frameworks */,
			);
			sourceTree = "<group>";
		};
		38B4A10329226AB10095886B /* Products */ = {
			isa = PBXGroup;
			children = (
				38B4A10229226AB10095886B /* SwiftUICoreDataCourse.app */,
			);
			name = Products;
			sourceTree = "<group>";
		};
		38B4A10429226AB10095886B /* SwiftUICoreDataCourse */ = {
			isa = PBXGroup;
			children = (
				383787E22923ACE500066E28 /* Views */,
				383787DF29238A2A00066E28 /* Main */,
				38B4A10529226AB10095886B /* SwiftUICoreDataCourseApp.swift */,
				38B4A10729226AB10095886B /* ContentView.swift */,
				38B4A10929226AB20095886B /* Assets.xcassets */,
				38B4A10E29226AB20095886B /* Persistence.swift */,
				38B4A11029226AB20095886B /* SwiftUICoreDataCourse.xcdatamodeld */,
				38B4A10B29226AB20095886B /* Preview Content */,
			);
			path = SwiftUICoreDataCourse;
			sourceTree = "<group>";
		};
		38B4A10B29226AB20095886B /* Preview Content */ = {
			isa = PBXGroup;
			children = (
				38B4A10C29226AB20095886B /* Preview Assets.xcassets */,
			);
			path = "Preview Content";
			sourceTree = "<group>";
		};
/* End PBXGroup section */

/* Begin PBXNativeTarget section */
		38B4A10129226AB10095886B /* SwiftUICoreDataCourse */ = {
			isa = PBXNativeTarget;
			buildConfigurationList = 38B4A11529226AB20095886B /* Build configuration list for PBXNativeTarget "SwiftUICoreDataCourse" */;
			buildPhases = (
				38B4A0FE29226AB10095886B /* Sources */,
				38B4A0FF29226AB10095886B /* Frameworks */,
				38B4A10029226AB10095886B /* Resources */,
				384CA0462923DAD800CD1164 /* SwiftLint */,
			);
			buildRules = (
			);
			dependencies = (
			);
			name = SwiftUICoreDataCourse;
			packageProductDependencies = (
			);
			productName = SwiftUICoreDataCourse;
			productReference = 38B4A10229226AB10095886B /* SwiftUICoreDataCourse.app */;
			productType = "com.apple.product-type.application";
		};
/* End PBXNativeTarget section */

/* Begin PBXProject section */
		38B4A0FA29226AB10095886B /* Project object */ = {
			isa = PBXProject;
			attributes = {
				BuildIndependentTargetsInParallel = 1;
				LastSwiftUpdateCheck = 1400;
				LastUpgradeCheck = 1400;
				TargetAttributes = {
					38B4A10129226AB10095886B = {
						CreatedOnToolsVersion = 14.0;
					};
				};
			};
			buildConfigurationList = 38B4A0FD29226AB10095886B /* Build configuration list for PBXProject "SwiftUICoreDataCourse" */;
			compatibilityVersion = "Xcode 14.0";
			developmentRegion = en;
			hasScannedForEncodings = 0;
			knownRegions = (
				en,
				Base,
			);
			mainGroup = 38B4A0F929226AB10095886B;
			packageReferences = (
			);
			productRefGroup = 38B4A10329226AB10095886B /* Products */;
			projectDirPath = "";
			projectRoot = "";
			targets = (
				38B4A10129226AB10095886B /* SwiftUICoreDataCourse */,
			);
		};
/* End PBXProject section */

/* Begin PBXResourcesBuildPhase section */
		38B4A10029226AB10095886B /* Resources */ = {
			isa = PBXResourcesBuildPhase;
			buildActionMask = 2147483647;
			files = (
				38B4A10D29226AB20095886B /* Preview Assets.xcassets in Resources */,
				38B4A10A29226AB20095886B /* Assets.xcassets in Resources */,
			);
			runOnlyForDeploymentPostprocessing = 0;
		};
/* End PBXResourcesBuildPhase section */

/* Begin PBXShellScriptBuildPhase section */
		384CA0462923DAD800CD1164 /* SwiftLint */ = {
			isa = PBXShellScriptBuildPhase;
			buildActionMask = 2147483647;
			files = (
			);
			inputFileListPaths = (
			);
			inputPaths = (
			);
			name = SwiftLint;
			outputFileListPaths = (
			);
			outputPaths = (
			);
			runOnlyForDeploymentPostprocessing = 0;
			shellPath = /bin/sh;
			shellScript = "alias swiftlint=\"/opt/homebrew/bin/swiftlint\"\nif swiftlint >/dev/null; then\n  swiftlint\nelse\n  echo \"warning: SwiftLint not installed, download from https://github.com/realm/SwiftLint\"\nfi\n";
		};
/* End PBXShellScriptBuildPhase section */

/* Begin PBXSourcesBuildPhase section */
		38B4A0FE29226AB10095886B /* Sources */ = {
			isa = PBXSourcesBuildPhase;
			buildActionMask = 2147483647;
			files = (
				38B4A10F29226AB20095886B /* Persistence.swift in Sources */,
				38B4A11229226AB20095886B /* SwiftUICoreDataCourse.xcdatamodeld in Sources */,
				383787E42923ACF700066E28 /* AddCardView.swift in Sources */,
				38B4A10829226AB10095886B /* ContentView.swift in Sources */,
				383787E129238A5A00066E28 /* MainView.swift in Sources */,
				38B4A10629226AB10095886B /* SwiftUICoreDataCourseApp.swift in Sources */,
			);
			runOnlyForDeploymentPostprocessing = 0;
		};
/* End PBXSourcesBuildPhase section */

/* Begin XCBuildConfiguration section */
		38B4A11329226AB20095886B /* Debug */ = {
			isa = XCBuildConfiguration;
			buildSettings = {
				ALWAYS_SEARCH_USER_PATHS = NO;
				CLANG_ANALYZER_NONNULL = YES;
				CLANG_ANALYZER_NUMBER_OBJECT_CONVERSION = YES_AGGRESSIVE;
				CLANG_CXX_LANGUAGE_STANDARD = "gnu++20";
				CLANG_ENABLE_MODULES = YES;
				CLANG_ENABLE_OBJC_ARC = YES;
				CLANG_ENABLE_OBJC_WEAK = YES;
				CLANG_WARN_BLOCK_CAPTURE_AUTORELEASING = YES;
				CLANG_WARN_BOOL_CONVERSION = YES;
				CLANG_WARN_COMMA = YES;
				CLANG_WARN_CONSTANT_CONVERSION = YES;
				CLANG_WARN_DEPRECATED_OBJC_IMPLEMENTATIONS = YES;
				CLANG_WARN_DIRECT_OBJC_ISA_USAGE = YES_ERROR;
				CLANG_WARN_DOCUMENTATION_COMMENTS = YES;
				CLANG_WARN_EMPTY_BODY = YES;
				CLANG_WARN_ENUM_CONVERSION = YES;
				CLANG_WARN_INFINITE_RECURSION = YES;
				CLANG_WARN_INT_CONVERSION = YES;
				CLANG_WARN_NON_LITERAL_NULL_CONVERSION = YES;
				CLANG_WARN_OBJC_IMPLICIT_RETAIN_SELF = YES;
				CLANG_WARN_OBJC_LITERAL_CONVERSION = YES;
				CLANG_WARN_OBJC_ROOT_CLASS = YES_ERROR;
				CLANG_WARN_QUOTED_INCLUDE_IN_FRAMEWORK_HEADER = YES;
				CLANG_WARN_RANGE_LOOP_ANALYSIS = YES;
				CLANG_WARN_STRICT_PROTOTYPES = YES;
				CLANG_WARN_SUSPICIOUS_MOVE = YES;
				CLANG_WARN_UNGUARDED_AVAILABILITY = YES_AGGRESSIVE;
				CLANG_WARN_UNREACHABLE_CODE = YES;
				CLANG_WARN__DUPLICATE_METHOD_MATCH = YES;
				COPY_PHASE_STRIP = NO;
				DEBUG_INFORMATION_FORMAT = dwarf;
				ENABLE_STRICT_OBJC_MSGSEND = YES;
				ENABLE_TESTABILITY = YES;
				"EXCLUDED_ARCHS[sdk=iphonesimulator*]" = arm64;
				GCC_C_LANGUAGE_STANDARD = gnu11;
				GCC_DYNAMIC_NO_PIC = NO;
				GCC_NO_COMMON_BLOCKS = YES;
				GCC_OPTIMIZATION_LEVEL = 0;
				GCC_PREPROCESSOR_DEFINITIONS = (
					"DEBUG=1",
					"$(inherited)",
				);
				GCC_WARN_64_TO_32_BIT_CONVERSION = YES;
				GCC_WARN_ABOUT_RETURN_TYPE = YES_ERROR;
				GCC_WARN_UNDECLARED_SELECTOR = YES;
				GCC_WARN_UNINITIALIZED_AUTOS = YES_AGGRESSIVE;
				GCC_WARN_UNUSED_FUNCTION = YES;
				GCC_WARN_UNUSED_VARIABLE = YES;
				IPHONEOS_DEPLOYMENT_TARGET = 16.0;
				MTL_ENABLE_DEBUG_INFO = INCLUDE_SOURCE;
				MTL_FAST_MATH = YES;
				ONLY_ACTIVE_ARCH = YES;
				SDKROOT = iphoneos;
				SWIFT_ACTIVE_COMPILATION_CONDITIONS = DEBUG;
				SWIFT_OPTIMIZATION_LEVEL = "-Onone";
			};
			name = Debug;
		};
		38B4A11429226AB20095886B /* Release */ = {
			isa = XCBuildConfiguration;
			buildSettings = {
				ALWAYS_SEARCH_USER_PATHS = NO;
				CLANG_ANALYZER_NONNULL = YES;
				CLANG_ANALYZER_NUMBER_OBJECT_CONVERSION = YES_AGGRESSIVE;
				CLANG_CXX_LANGUAGE_STANDARD = "gnu++20";
				CLANG_ENABLE_MODULES = YES;
				CLANG_ENABLE_OBJC_ARC = YES;
				CLANG_ENABLE_OBJC_WEAK = YES;
				CLANG_WARN_BLOCK_CAPTURE_AUTORELEASING = YES;
				CLANG_WARN_BOOL_CONVERSION = YES;
				CLANG_WARN_COMMA = YES;
				CLANG_WARN_CONSTANT_CONVERSION = YES;
				CLANG_WARN_DEPRECATED_OBJC_IMPLEMENTATIONS = YES;
				CLANG_WARN_DIRECT_OBJC_ISA_USAGE = YES_ERROR;
				CLANG_WARN_DOCUMENTATION_COMMENTS = YES;
				CLANG_WARN_EMPTY_BODY = YES;
				CLANG_WARN_ENUM_CONVERSION = YES;
				CLANG_WARN_INFINITE_RECURSION = YES;
				CLANG_WARN_INT_CONVERSION = YES;
				CLANG_WARN_NON_LITERAL_NULL_CONVERSION = YES;
				CLANG_WARN_OBJC_IMPLICIT_RETAIN_SELF = YES;
				CLANG_WARN_OBJC_LITERAL_CONVERSION = YES;
				CLANG_WARN_OBJC_ROOT_CLASS = YES_ERROR;
				CLANG_WARN_QUOTED_INCLUDE_IN_FRAMEWORK_HEADER = YES;
				CLANG_WARN_RANGE_LOOP_ANALYSIS = YES;
				CLANG_WARN_STRICT_PROTOTYPES = YES;
				CLANG_WARN_SUSPICIOUS_MOVE = YES;
				CLANG_WARN_UNGUARDED_AVAILABILITY = YES_AGGRESSIVE;
				CLANG_WARN_UNREACHABLE_CODE = YES;
				CLANG_WARN__DUPLICATE_METHOD_MATCH = YES;
				COPY_PHASE_STRIP = NO;
				DEBUG_INFORMATION_FORMAT = "dwarf-with-dsym";
				ENABLE_NS_ASSERTIONS = NO;
				ENABLE_STRICT_OBJC_MSGSEND = YES;
				"EXCLUDED_ARCHS[sdk=iphonesimulator*]" = arm64;
				GCC_C_LANGUAGE_STANDARD = gnu11;
				GCC_NO_COMMON_BLOCKS = YES;
				GCC_WARN_64_TO_32_BIT_CONVERSION = YES;
				GCC_WARN_ABOUT_RETURN_TYPE = YES_ERROR;
				GCC_WARN_UNDECLARED_SELECTOR = YES;
				GCC_WARN_UNINITIALIZED_AUTOS = YES_AGGRESSIVE;
				GCC_WARN_UNUSED_FUNCTION = YES;
				GCC_WARN_UNUSED_VARIABLE = YES;
				IPHONEOS_DEPLOYMENT_TARGET = 16.0;
				MTL_ENABLE_DEBUG_INFO = NO;
				MTL_FAST_MATH = YES;
				SDKROOT = iphoneos;
				SWIFT_COMPILATION_MODE = wholemodule;
				SWIFT_OPTIMIZATION_LEVEL = "-O";
				VALIDATE_PRODUCT = YES;
			};
			name = Release;
		};
		38B4A11629226AB20095886B /* Debug */ = {
			isa = XCBuildConfiguration;
			buildSettings = {
				ASSETCATALOG_COMPILER_APPICON_NAME = AppIcon;
				ASSETCATALOG_COMPILER_GLOBAL_ACCENT_COLOR_NAME = AccentColor;
				CODE_SIGN_STYLE = Automatic;
				CURRENT_PROJECT_VERSION = 1;
				DEVELOPMENT_ASSET_PATHS = "\"SwiftUICoreDataCourse/Preview Content\"";
				DEVELOPMENT_TEAM = RA46FA8GJ3;
				ENABLE_PREVIEWS = YES;
				GENERATE_INFOPLIST_FILE = YES;
				INFOPLIST_KEY_UIApplicationSceneManifest_Generation = YES;
				INFOPLIST_KEY_UIApplicationSupportsIndirectInputEvents = YES;
				INFOPLIST_KEY_UILaunchScreen_Generation = YES;
				INFOPLIST_KEY_UISupportedInterfaceOrientations_iPad = "UIInterfaceOrientationPortrait UIInterfaceOrientationPortraitUpsideDown UIInterfaceOrientationLandscapeLeft UIInterfaceOrientationLandscapeRight";
				INFOPLIST_KEY_UISupportedInterfaceOrientations_iPhone = "UIInterfaceOrientationPortrait UIInterfaceOrientationLandscapeLeft UIInterfaceOrientationLandscapeRight";
				LD_RUNPATH_SEARCH_PATHS = (
					"$(inherited)",
					"@executable_path/Frameworks",
				);
				MARKETING_VERSION = 1.0;
				PRODUCT_BUNDLE_IDENTIFIER = nikita.org.SwiftUICoreDataCourse;
				PRODUCT_NAME = "$(TARGET_NAME)";
				SWIFT_EMIT_LOC_STRINGS = YES;
				SWIFT_VERSION = 5.0;
				TARGETED_DEVICE_FAMILY = "1,2";
			};
			name = Debug;
		};
		38B4A11729226AB20095886B /* Release */ = {
			isa = XCBuildConfiguration;
			buildSettings = {
				ASSETCATALOG_COMPILER_APPICON_NAME = AppIcon;
				ASSETCATALOG_COMPILER_GLOBAL_ACCENT_COLOR_NAME = AccentColor;
				CODE_SIGN_STYLE = Automatic;
				CURRENT_PROJECT_VERSION = 1;
				DEVELOPMENT_ASSET_PATHS = "\"SwiftUICoreDataCourse/Preview Content\"";
				DEVELOPMENT_TEAM = RA46FA8GJ3;
				ENABLE_PREVIEWS = YES;
				GENERATE_INFOPLIST_FILE = YES;
				INFOPLIST_KEY_UIApplicationSceneManifest_Generation = YES;
				INFOPLIST_KEY_UIApplicationSupportsIndirectInputEvents = YES;
				INFOPLIST_KEY_UILaunchScreen_Generation = YES;
				INFOPLIST_KEY_UISupportedInterfaceOrientations_iPad = "UIInterfaceOrientationPortrait UIInterfaceOrientationPortraitUpsideDown UIInterfaceOrientationLandscapeLeft UIInterfaceOrientationLandscapeRight";
				INFOPLIST_KEY_UISupportedInterfaceOrientations_iPhone = "UIInterfaceOrientationPortrait UIInterfaceOrientationLandscapeLeft UIInterfaceOrientationLandscapeRight";
				LD_RUNPATH_SEARCH_PATHS = (
					"$(inherited)",
					"@executable_path/Frameworks",
				);
				MARKETING_VERSION = 1.0;
				PRODUCT_BUNDLE_IDENTIFIER = nikita.org.SwiftUICoreDataCourse;
				PRODUCT_NAME = "$(TARGET_NAME)";
				SWIFT_EMIT_LOC_STRINGS = YES;
				SWIFT_VERSION = 5.0;
				TARGETED_DEVICE_FAMILY = "1,2";
			};
			name = Release;
		};
/* End XCBuildConfiguration section */

/* Begin XCConfigurationList section */
		38B4A0FD29226AB10095886B /* Build configuration list for PBXProject "SwiftUICoreDataCourse" */ = {
			isa = XCConfigurationList;
			buildConfigurations = (
				38B4A11329226AB20095886B /* Debug */,
				38B4A11429226AB20095886B /* Release */,
			);
			defaultConfigurationIsVisible = 0;
			defaultConfigurationName = Release;
		};
		38B4A11529226AB20095886B /* Build configuration list for PBXNativeTarget "SwiftUICoreDataCourse" */ = {
			isa = XCConfigurationList;
			buildConfigurations = (
				38B4A11629226AB20095886B /* Debug */,
				38B4A11729226AB20095886B /* Release */,
			);
			defaultConfigurationIsVisible = 0;
			defaultConfigurationName = Release;
		};
/* End XCConfigurationList section */

/* Begin XCVersionGroup section */
		38B4A11029226AB20095886B /* SwiftUICoreDataCourse.xcdatamodeld */ = {
			isa = XCVersionGroup;
			children = (
				38B4A11129226AB20095886B /* SwiftUICoreDataCourse.xcdatamodel */,
			);
			currentVersion = 38B4A11129226AB20095886B /* SwiftUICoreDataCourse.xcdatamodel */;
			path = SwiftUICoreDataCourse.xcdatamodeld;
			sourceTree = "<group>";
			versionGroupType = wrapper.xcdatamodel;
		};
/* End XCVersionGroup section */
	};
	rootObject = 38B4A0FA29226AB10095886B /* Project object */;
}
